
Microsoft Visual Studio Solution File, Format Version 12.00
# Visual Studio 15
Project("{FAE04EC0-301F-11D3-BF4B-00C04F79EFBC}") = "Assembly-CSharp", "Assembly-CSharp.csproj", "{F1182146-A6F1-6EE6-71FA-04AEDC4C2BC3}"
EndProject
Project("{FAE04EC0-301F-11D3-BF4B-00C04F79EFBC}") = "FMODUnityEditor", "FMODUnityEditor.csproj", "{31F0D342-5882-5CF7-9B46-7EE4F101CFC8}"
EndProject
Project("{FAE04EC0-301F-11D3-BF4B-00C04F79EFBC}") = "Assembly-CSharp-Editor", "Assembly-CSharp-Editor.csproj", "{BDB951EF-C5A9-0524-E3FD-F05B08810B66}"
EndProject
Project("{FAE04EC0-301F-11D3-BF4B-00C04F79EFBC}") = "FMODUnityResonanceEditor", "FMODUnityResonanceEditor.csproj", "{0A0B977F-1821-7D76-6CC9-D7E77788C403}"
EndProject
Project("{FAE04EC0-301F-11D3-BF4B-00C04F79EFBC}") = "FMODUnity", "FMODUnity.csproj", "{770E2CAE-DA19-577A-0EE9-8E8C0A08734A}"
EndProject
Project("{FAE04EC0-301F-11D3-BF4B-00C04F79EFBC}") = "FMODUnityResonance", "FMODUnityResonance.csproj", "{D086441E-ECD2-3731-05BF-CFF31D7D6268}"
EndProject
Project("{FAE04EC0-301F-11D3-BF4B-00C04F79EFBC}") = "Assembly-CSharp", "Assembly-CSharp.Player.csproj", "{CDAB235C-130D-A80C-A3A5-5ACAE7CBB71D}"
EndProject
Project("{FAE04EC0-301F-11D3-BF4B-00C04F79EFBC}") = "FMODUnity", "FMODUnity.Player.csproj", "{457B4F11-3BFF-77B5-CC7C-2BC0186910A5}"
EndProject
Project("{FAE04EC0-301F-11D3-BF4B-00C04F79EFBC}") = "FMODUnityResonance", "FMODUnityResonance.Player.csproj", "{C05C9E21-1C72-7B2E-EED4-804F34D60074}"
EndProject
Global
	GlobalSection(SolutionConfigurationPlatforms) = preSolution
		Debug|Any CPU = Debug|Any CPU
		Release|Any CPU = Release|Any CPU
	EndGlobalSection
	GlobalSection(ProjectConfigurationPlatforms) = postSolution
		{F1182146-A6F1-6EE6-71FA-04AEDC4C2BC3}.Debug|Any CPU.ActiveCfg = Debug|Any CPU
		{F1182146-A6F1-6EE6-71FA-04AEDC4C2BC3}.Debug|Any CPU.Build.0 = Debug|Any CPU
		{F1182146-A6F1-6EE6-71FA-04AEDC4C2BC3}.Release|Any CPU.ActiveCfg = Release|Any CPU
		{F1182146-A6F1-6EE6-71FA-04AEDC4C2BC3}.Release|Any CPU.Build.0 = Release|Any CPU
		{31F0D342-5882-5CF7-9B46-7EE4F101CFC8}.Debug|Any CPU.ActiveCfg = Debug|Any CPU
		{31F0D342-5882-5CF7-9B46-7EE4F101CFC8}.Debug|Any CPU.Build.0 = Debug|Any CPU
		{31F0D342-5882-5CF7-9B46-7EE4F101CFC8}.Release|Any CPU.ActiveCfg = Release|Any CPU
		{31F0D342-5882-5CF7-9B46-7EE4F101CFC8}.Release|Any CPU.Build.0 = Release|Any CPU
		{BDB951EF-C5A9-0524-E3FD-F05B08810B66}.Debug|Any CPU.ActiveCfg = Debug|Any CPU
		{BDB951EF-C5A9-0524-E3FD-F05B08810B66}.Debug|Any CPU.Build.0 = Debug|Any CPU
		{BDB951EF-C5A9-0524-E3FD-F05B08810B66}.Release|Any CPU.ActiveCfg = Release|Any CPU
		{BDB951EF-C5A9-0524-E3FD-F05B08810B66}.Release|Any CPU.Build.0 = Release|Any CPU
		{0A0B977F-1821-7D76-6CC9-D7E77788C403}.Debug|Any CPU.ActiveCfg = Debug|Any CPU
		{0A0B977F-1821-7D76-6CC9-D7E77788C403}.Debug|Any CPU.Build.0 = Debug|Any CPU
		{0A0B977F-1821-7D76-6CC9-D7E77788C403}.Release|Any CPU.ActiveCfg = Release|Any CPU
		{0A0B977F-1821-7D76-6CC9-D7E77788C403}.Release|Any CPU.Build.0 = Release|Any CPU
		{770E2CAE-DA19-577A-0EE9-8E8C0A08734A}.Debug|Any CPU.ActiveCfg = Debug|Any CPU
		{770E2CAE-DA19-577A-0EE9-8E8C0A08734A}.Debug|Any CPU.Build.0 = Debug|Any CPU
		{770E2CAE-DA19-577A-0EE9-8E8C0A08734A}.Release|Any CPU.ActiveCfg = Release|Any CPU
		{770E2CAE-DA19-577A-0EE9-8E8C0A08734A}.Release|Any CPU.Build.0 = Release|Any CPU
		{D086441E-ECD2-3731-05BF-CFF31D7D6268}.Debug|Any CPU.ActiveCfg = Debug|Any CPU
		{D086441E-ECD2-3731-05BF-CFF31D7D6268}.Debug|Any CPU.Build.0 = Debug|Any CPU
		{D086441E-ECD2-3731-05BF-CFF31D7D6268}.Release|Any CPU.ActiveCfg = Release|Any CPU
		{D086441E-ECD2-3731-05BF-CFF31D7D6268}.Release|Any CPU.Build.0 = Release|Any CPU
		{CDAB235C-130D-A80C-A3A5-5ACAE7CBB71D}.Debug|Any CPU.ActiveCfg = Debug|Any CPU
		{CDAB235C-130D-A80C-A3A5-5ACAE7CBB71D}.Debug|Any CPU.Build.0 = Debug|Any CPU
		{CDAB235C-130D-A80C-A3A5-5ACAE7CBB71D}.Release|Any CPU.ActiveCfg = Release|Any CPU
		{CDAB235C-130D-A80C-A3A5-5ACAE7CBB71D}.Release|Any CPU.Build.0 = Release|Any CPU
		{457B4F11-3BFF-77B5-CC7C-2BC0186910A5}.Debug|Any CPU.ActiveCfg = Debug|Any CPU
		{457B4F11-3BFF-77B5-CC7C-2BC0186910A5}.Debug|Any CPU.Build.0 = Debug|Any CPU
		{457B4F11-3BFF-77B5-CC7C-2BC0186910A5}.Release|Any CPU.ActiveCfg = Release|Any CPU
		{457B4F11-3BFF-77B5-CC7C-2BC0186910A5}.Release|Any CPU.Build.0 = Release|Any CPU
		{C05C9E21-1C72-7B2E-EED4-804F34D60074}.Debug|Any CPU.ActiveCfg = Debug|Any CPU
		{C05C9E21-1C72-7B2E-EED4-804F34D60074}.Debug|Any CPU.Build.0 = Debug|Any CPU
		{C05C9E21-1C72-7B2E-EED4-804F34D60074}.Release|Any CPU.ActiveCfg = Release|Any CPU
		{C05C9E21-1C72-7B2E-EED4-804F34D60074}.Release|Any CPU.Build.0 = Release|Any CPU
	EndGlobalSection
	GlobalSection(SolutionProperties) = preSolution
		HideSolutionNode = FALSE
	EndGlobalSection
EndGlobal
